
Microsoft Visual Studio Solution File, Format Version 12.00
# Visual Studio Version 17
VisualStudioVersion = 17.3.32922.545
MinimumVisualStudioVersion = 10.0.40219.1
Project("{FAE04EC0-301F-11D3-BF4B-00C04F79EFBC}") = "mevsimler if else", "mevsimler if else\mevsimler if else.csproj", "{6A683DA6-20CB-4FAB-A430-33FC14D690E8}"
EndProject
Global
	GlobalSection(SolutionConfigurationPlatforms) = preSolution
		Debug|Any CPU = Debug|Any CPU
		Release|Any CPU = Release|Any CPU
	EndGlobalSection
	GlobalSection(ProjectConfigurationPlatforms) = postSolution
		{6A683DA6-20CB-4FAB-A430-33FC14D690E8}.Debug|Any CPU.ActiveCfg = Debug|Any CPU
		{6A683DA6-20CB-4FAB-A430-33FC14D690E8}.Debug|Any CPU.Build.0 = Debug|Any CPU
		{6A683DA6-20CB-4FAB-A430-33FC14D690E8}.Release|Any CPU.ActiveCfg = Release|Any CPU
		{6A683DA6-20CB-4FAB-A430-33FC14D690E8}.Release|Any CPU.Build.0 = Release|Any CPU
	EndGlobalSection
	GlobalSection(SolutionProperties) = preSolution
		HideSolutionNode = FALSE
	EndGlobalSection
	GlobalSection(ExtensibilityGlobals) = postSolution
		SolutionGuid = {D3F89A0B-EBD7-4C81-893D-073F833D0FCE}
	EndGlobalSection
EndGlobal
